{
  "name": "benchkit",
  "version": "1.0.0",
  "lockfileVersion": 1,
  "requires": true,
  "dependencies": {
    "deep-eql": {
      "version": "4.0.0",
      "resolved": "https://registry.npmjs.org/deep-eql/-/deep-eql-4.0.0.tgz",
      "integrity": "sha512-GxJC5MOg2KyQlv6WiUF/VAnMj4MWnYiXo4oLgeptOELVoknyErb4Z8+5F/IM/K4g9/80YzzatxmWcyRwUseH0A==",
      "requires": {
        "type-detect": "^4.0.0"
      }
    },
    "type-detect": {
      "version": "4.0.8",
      "resolved": "https://registry.npmjs.org/type-detect/-/type-detect-4.0.8.tgz",
      "integrity": "sha512-0fr/mIH1dlO+x7TlcMy+bIDqKPsw/70tVyeHW787goQjhmqaZe10uwLujubK9q9Lg6Fiho1KUKDYz0Z7k7g5/g=="
    }
  }
}
